
Microsoft Visual Studio Solution File, Format Version 12.00
# Visual Studio Version 17
VisualStudioVersion = 17.2.32630.192
MinimumVisualStudioVersion = 10.0.40219.1
Project("{FAE04EC0-301F-11D3-BF4B-00C04F79EFBC}") = "Front_Inicio", "Front End\Front_Inicio.csproj", "{97539D7D-AF43-4C4B-8E56-D8BA62EC0090}"
EndProject
Project("{FAE04EC0-301F-11D3-BF4B-00C04F79EFBC}") = "BackEnd", "BackEnd\BackEnd.csproj", "{BD3ADD8A-90AA-4DC2-9C44-154453810E2C}"
EndProject
Project("{FAE04EC0-301F-11D3-BF4B-00C04F79EFBC}") = "FrontCliente", "FrontCliente\FrontCliente.csproj", "{CC2F7F6D-5435-4197-8648-21B4014F5D6B}"
EndProject
Global
	GlobalSection(SolutionConfigurationPlatforms) = preSolution
		Debug|Any CPU = Debug|Any CPU
		Release|Any CPU = Release|Any CPU
	EndGlobalSection
	GlobalSection(ProjectConfigurationPlatforms) = postSolution
		{97539D7D-AF43-4C4B-8E56-D8BA62EC0090}.Debug|Any CPU.ActiveCfg = Debug|Any CPU
		{97539D7D-AF43-4C4B-8E56-D8BA62EC0090}.Debug|Any CPU.Build.0 = Debug|Any CPU
		{97539D7D-AF43-4C4B-8E56-D8BA62EC0090}.Release|Any CPU.ActiveCfg = Release|Any CPU
		{97539D7D-AF43-4C4B-8E56-D8BA62EC0090}.Release|Any CPU.Build.0 = Release|Any CPU
		{BD3ADD8A-90AA-4DC2-9C44-154453810E2C}.Debug|Any CPU.ActiveCfg = Debug|Any CPU
		{BD3ADD8A-90AA-4DC2-9C44-154453810E2C}.Debug|Any CPU.Build.0 = Debug|Any CPU
		{BD3ADD8A-90AA-4DC2-9C44-154453810E2C}.Release|Any CPU.ActiveCfg = Release|Any CPU
		{BD3ADD8A-90AA-4DC2-9C44-154453810E2C}.Release|Any CPU.Build.0 = Release|Any CPU
		{CC2F7F6D-5435-4197-8648-21B4014F5D6B}.Debug|Any CPU.ActiveCfg = Debug|Any CPU
		{CC2F7F6D-5435-4197-8648-21B4014F5D6B}.Debug|Any CPU.Build.0 = Debug|Any CPU
		{CC2F7F6D-5435-4197-8648-21B4014F5D6B}.Release|Any CPU.ActiveCfg = Release|Any CPU
		{CC2F7F6D-5435-4197-8648-21B4014F5D6B}.Release|Any CPU.Build.0 = Release|Any CPU
	EndGlobalSection
	GlobalSection(SolutionProperties) = preSolution
		HideSolutionNode = FALSE
	EndGlobalSection
	GlobalSection(ExtensibilityGlobals) = postSolution
		SolutionGuid = {83A525D7-F0E5-4563-A10A-FCAA18679B33}
	EndGlobalSection
EndGlobal
